// !$*UTF8*$!
{
	archiveVersion = 1;
	classes = {
	};
	objectVersion = 56;
	objects = {

/* Begin PBXBuildFile section */
		616007BE2C83A5B100C7FEA8 /* AppDelegate.swift in Sources */ = {isa = PBXBuildFile; fileRef = 616007BD2C83A5B100C7FEA8 /* AppDelegate.swift */; };
		616007C02C83A5B100C7FEA8 /* SceneDelegate.swift in Sources */ = {isa = PBXBuildFile; fileRef = 616007BF2C83A5B100C7FEA8 /* SceneDelegate.swift */; };
		616007C72C83A5B200C7FEA8 /* Assets.xcassets in Resources */ = {isa = PBXBuildFile; fileRef = 616007C62C83A5B200C7FEA8 /* Assets.xcassets */; };
		616007CA2C83A5B200C7FEA8 /* LaunchScreen.storyboard in Resources */ = {isa = PBXBuildFile; fileRef = 616007C82C83A5B200C7FEA8 /* LaunchScreen.storyboard */; };
		61A6AC162C8936A2004CACA7 /* CustomFont.swift in Sources */ = {isa = PBXBuildFile; fileRef = 61A6AC152C8936A2004CACA7 /* CustomFont.swift */; };
		61A6AC272C8944D9004CACA7 /* UIColor+Extension.swift in Sources */ = {isa = PBXBuildFile; fileRef = 61A6AC262C8944D9004CACA7 /* UIColor+Extension.swift */; };
		61A6AC292C89454C004CACA7 /* AppColors.swift in Sources */ = {isa = PBXBuildFile; fileRef = 61A6AC282C89454C004CACA7 /* AppColors.swift */; };
		61A6AC2B2C8A4336004CACA7 /* String+Extension.swift in Sources */ = {isa = PBXBuildFile; fileRef = 61A6AC2A2C8A4336004CACA7 /* String+Extension.swift */; };
		61A6AC2D2C8A469F004CACA7 /* PasswordScreenView.swift in Sources */ = {isa = PBXBuildFile; fileRef = 61A6AC2C2C8A469F004CACA7 /* PasswordScreenView.swift */; };
		61A6AC2F2C8A46B7004CACA7 /* PasswordViewController.swift in Sources */ = {isa = PBXBuildFile; fileRef = 61A6AC2E2C8A46B7004CACA7 /* PasswordViewController.swift */; };
		61A6AC322C8B5EC0004CACA7 /* UserDefaultManager.swift in Sources */ = {isa = PBXBuildFile; fileRef = 61A6AC312C8B5EC0004CACA7 /* UserDefaultManager.swift */; };
		61A6AC3A2C8B69E2004CACA7 /* StatementScreenView.swift in Sources */ = {isa = PBXBuildFile; fileRef = 61A6AC392C8B69E2004CACA7 /* StatementScreenView.swift */; };
		61A6AC3C2C8B69F4004CACA7 /* StatementScreenViewController.swift in Sources */ = {isa = PBXBuildFile; fileRef = 61A6AC3B2C8B69F4004CACA7 /* StatementScreenViewController.swift */; };
		61A6AC402C8B701C004CACA7 /* NetWorkLogger.swift in Sources */ = {isa = PBXBuildFile; fileRef = 61A6AC3F2C8B701C004CACA7 /* NetWorkLogger.swift */; };
		61A6AC422C8B705A004CACA7 /* NetworkError.swift in Sources */ = {isa = PBXBuildFile; fileRef = 61A6AC412C8B705A004CACA7 /* NetworkError.swift */; };
		61A6AC442C8B70AB004CACA7 /* HTTPMethod.swift in Sources */ = {isa = PBXBuildFile; fileRef = 61A6AC432C8B70AB004CACA7 /* HTTPMethod.swift */; };
		61A6AC462C8B70EE004CACA7 /* NetworkLayer.swift in Sources */ = {isa = PBXBuildFile; fileRef = 61A6AC452C8B70EE004CACA7 /* NetworkLayer.swift */; };
		61A6AC482C8B7105004CACA7 /* Endpoint.swift in Sources */ = {isa = PBXBuildFile; fileRef = 61A6AC472C8B7105004CACA7 /* Endpoint.swift */; };
		61A6AC4A2C8B712F004CACA7 /* RequestBuilder.swift in Sources */ = {isa = PBXBuildFile; fileRef = 61A6AC492C8B712F004CACA7 /* RequestBuilder.swift */; };
		61A6AC4C2C8B7156004CACA7 /* DefaultRequestBuilder.swift in Sources */ = {isa = PBXBuildFile; fileRef = 61A6AC4B2C8B7156004CACA7 /* DefaultRequestBuilder.swift */; };
		61A6AC4E2C8B716F004CACA7 /* ServiceManager.swift in Sources */ = {isa = PBXBuildFile; fileRef = 61A6AC4D2C8B716F004CACA7 /* ServiceManager.swift */; };
		61A6AC512C8B7CED004CACA7 /* DocumentViewModel.swift in Sources */ = {isa = PBXBuildFile; fileRef = 61A6AC502C8B7CED004CACA7 /* DocumentViewModel.swift */; };
		61A6AC542C8B7F61004CACA7 /* PasswordViewModel.swift in Sources */ = {isa = PBXBuildFile; fileRef = 61A6AC532C8B7F61004CACA7 /* PasswordViewModel.swift */; };
		61A6AC572C8B80C2004CACA7 /* PasswordService.swift in Sources */ = {isa = PBXBuildFile; fileRef = 61A6AC562C8B80C2004CACA7 /* PasswordService.swift */; };
		61A6AC592C8B84EF004CACA7 /* AuthResponse.swift in Sources */ = {isa = PBXBuildFile; fileRef = 61A6AC582C8B84EF004CACA7 /* AuthResponse.swift */; };
		61F43A9E2C83A72D00CFFB33 /* IntoScreenViewController.swift in Sources */ = {isa = PBXBuildFile; fileRef = 61F43A9D2C83A72D00CFFB33 /* IntoScreenViewController.swift */; };
		61F43AA32C83A96500CFFB33 /* IntroScreenView.swift in Sources */ = {isa = PBXBuildFile; fileRef = 61F43AA22C83A96500CFFB33 /* IntroScreenView.swift */; };
		61F43AAB2C85225300CFFB33 /* DocumentViewController.swift in Sources */ = {isa = PBXBuildFile; fileRef = 61F43AAA2C85225300CFFB33 /* DocumentViewController.swift */; };
		61F43AAD2C85226800CFFB33 /* DocumentScreenView.swift in Sources */ = {isa = PBXBuildFile; fileRef = 61F43AAC2C85226800CFFB33 /* DocumentScreenView.swift */; };
/* End PBXBuildFile section */

/* Begin PBXFileReference section */
		616007BA2C83A5B100C7FEA8 /* Cora.app */ = {isa = PBXFileReference; explicitFileType = wrapper.application; includeInIndex = 0; path = Cora.app; sourceTree = BUILT_PRODUCTS_DIR; };
		616007BD2C83A5B100C7FEA8 /* AppDelegate.swift */ = {isa = PBXFileReference; lastKnownFileType = sourcecode.swift; path = AppDelegate.swift; sourceTree = "<group>"; };
		616007BF2C83A5B100C7FEA8 /* SceneDelegate.swift */ = {isa = PBXFileReference; lastKnownFileType = sourcecode.swift; path = SceneDelegate.swift; sourceTree = "<group>"; };
		616007C62C83A5B200C7FEA8 /* Assets.xcassets */ = {isa = PBXFileReference; lastKnownFileType = folder.assetcatalog; path = Assets.xcassets; sourceTree = "<group>"; };
		616007C92C83A5B200C7FEA8 /* Base */ = {isa = PBXFileReference; lastKnownFileType = file.storyboard; name = Base; path = Base.lproj/LaunchScreen.storyboard; sourceTree = "<group>"; };
		616007CB2C83A5B200C7FEA8 /* Info.plist */ = {isa = PBXFileReference; lastKnownFileType = text.plist.xml; path = Info.plist; sourceTree = "<group>"; };
		61A6AC152C8936A2004CACA7 /* CustomFont.swift */ = {isa = PBXFileReference; lastKnownFileType = sourcecode.swift; path = CustomFont.swift; sourceTree = "<group>"; };
		61A6AC1C2C89375B004CACA7 /* AvenirLTStd-Heavy.otf */ = {isa = PBXFileReference; lastKnownFileType = file; path = "AvenirLTStd-Heavy.otf"; sourceTree = "<group>"; };
		61A6AC1F2C89375B004CACA7 /* AvenirLTStd-Medium.otf */ = {isa = PBXFileReference; lastKnownFileType = file; path = "AvenirLTStd-Medium.otf"; sourceTree = "<group>"; };
		61A6AC232C89375B004CACA7 /* AvenirLTStd-Book.otf */ = {isa = PBXFileReference; lastKnownFileType = file; path = "AvenirLTStd-Book.otf"; sourceTree = "<group>"; };
		61A6AC262C8944D9004CACA7 /* UIColor+Extension.swift */ = {isa = PBXFileReference; lastKnownFileType = sourcecode.swift; path = "UIColor+Extension.swift"; sourceTree = "<group>"; };
		61A6AC282C89454C004CACA7 /* AppColors.swift */ = {isa = PBXFileReference; lastKnownFileType = sourcecode.swift; path = AppColors.swift; sourceTree = "<group>"; };
		61A6AC2A2C8A4336004CACA7 /* String+Extension.swift */ = {isa = PBXFileReference; lastKnownFileType = sourcecode.swift; path = "String+Extension.swift"; sourceTree = "<group>"; };
		61A6AC2C2C8A469F004CACA7 /* PasswordScreenView.swift */ = {isa = PBXFileReference; lastKnownFileType = sourcecode.swift; path = PasswordScreenView.swift; sourceTree = "<group>"; };
		61A6AC2E2C8A46B7004CACA7 /* PasswordViewController.swift */ = {isa = PBXFileReference; lastKnownFileType = sourcecode.swift; path = PasswordViewController.swift; sourceTree = "<group>"; };
		61A6AC312C8B5EC0004CACA7 /* UserDefaultManager.swift */ = {isa = PBXFileReference; lastKnownFileType = sourcecode.swift; path = UserDefaultManager.swift; sourceTree = "<group>"; };
		61A6AC392C8B69E2004CACA7 /* StatementScreenView.swift */ = {isa = PBXFileReference; lastKnownFileType = sourcecode.swift; path = StatementScreenView.swift; sourceTree = "<group>"; };
		61A6AC3B2C8B69F4004CACA7 /* StatementScreenViewController.swift */ = {isa = PBXFileReference; lastKnownFileType = sourcecode.swift; path = StatementScreenViewController.swift; sourceTree = "<group>"; };
		61A6AC3F2C8B701C004CACA7 /* NetWorkLogger.swift */ = {isa = PBXFileReference; lastKnownFileType = sourcecode.swift; path = NetWorkLogger.swift; sourceTree = "<group>"; };
		61A6AC412C8B705A004CACA7 /* NetworkError.swift */ = {isa = PBXFileReference; lastKnownFileType = sourcecode.swift; path = NetworkError.swift; sourceTree = "<group>"; };
		61A6AC432C8B70AB004CACA7 /* HTTPMethod.swift */ = {isa = PBXFileReference; lastKnownFileType = sourcecode.swift; path = HTTPMethod.swift; sourceTree = "<group>"; };
		61A6AC452C8B70EE004CACA7 /* NetworkLayer.swift */ = {isa = PBXFileReference; lastKnownFileType = sourcecode.swift; path = NetworkLayer.swift; sourceTree = "<group>"; };
		61A6AC472C8B7105004CACA7 /* Endpoint.swift */ = {isa = PBXFileReference; lastKnownFileType = sourcecode.swift; path = Endpoint.swift; sourceTree = "<group>"; };
		61A6AC492C8B712F004CACA7 /* RequestBuilder.swift */ = {isa = PBXFileReference; lastKnownFileType = sourcecode.swift; path = RequestBuilder.swift; sourceTree = "<group>"; };
		61A6AC4B2C8B7156004CACA7 /* DefaultRequestBuilder.swift */ = {isa = PBXFileReference; lastKnownFileType = sourcecode.swift; path = DefaultRequestBuilder.swift; sourceTree = "<group>"; };
		61A6AC4D2C8B716F004CACA7 /* ServiceManager.swift */ = {isa = PBXFileReference; lastKnownFileType = sourcecode.swift; path = ServiceManager.swift; sourceTree = "<group>"; };
		61A6AC502C8B7CED004CACA7 /* DocumentViewModel.swift */ = {isa = PBXFileReference; lastKnownFileType = sourcecode.swift; path = DocumentViewModel.swift; sourceTree = "<group>"; };
		61A6AC532C8B7F61004CACA7 /* PasswordViewModel.swift */ = {isa = PBXFileReference; lastKnownFileType = sourcecode.swift; path = PasswordViewModel.swift; sourceTree = "<group>"; };
		61A6AC562C8B80C2004CACA7 /* PasswordService.swift */ = {isa = PBXFileReference; lastKnownFileType = sourcecode.swift; path = PasswordService.swift; sourceTree = "<group>"; };
		61A6AC582C8B84EF004CACA7 /* AuthResponse.swift */ = {isa = PBXFileReference; lastKnownFileType = sourcecode.swift; path = AuthResponse.swift; sourceTree = "<group>"; };
		61F43A9D2C83A72D00CFFB33 /* IntoScreenViewController.swift */ = {isa = PBXFileReference; lastKnownFileType = sourcecode.swift; path = IntoScreenViewController.swift; sourceTree = "<group>"; };
		61F43AA22C83A96500CFFB33 /* IntroScreenView.swift */ = {isa = PBXFileReference; lastKnownFileType = sourcecode.swift; path = IntroScreenView.swift; sourceTree = "<group>"; };
		61F43AAA2C85225300CFFB33 /* DocumentViewController.swift */ = {isa = PBXFileReference; lastKnownFileType = sourcecode.swift; path = DocumentViewController.swift; sourceTree = "<group>"; };
		61F43AAC2C85226800CFFB33 /* DocumentScreenView.swift */ = {isa = PBXFileReference; lastKnownFileType = sourcecode.swift; path = DocumentScreenView.swift; sourceTree = "<group>"; };
/* End PBXFileReference section */

/* Begin PBXFrameworksBuildPhase section */
		616007B72C83A5B100C7FEA8 /* Frameworks */ = {
			isa = PBXFrameworksBuildPhase;
			buildActionMask = 2147483647;
			files = (
			);
			runOnlyForDeploymentPostprocessing = 0;
		};
/* End PBXFrameworksBuildPhase section */

/* Begin PBXGroup section */
		616007B12C83A5B100C7FEA8 = {
			isa = PBXGroup;
			children = (
				616007BC2C83A5B100C7FEA8 /* Cora */,
				616007BB2C83A5B100C7FEA8 /* Products */,
			);
			sourceTree = "<group>";
		};
		616007BB2C83A5B100C7FEA8 /* Products */ = {
			isa = PBXGroup;
			children = (
				616007BA2C83A5B100C7FEA8 /* Cora.app */,
			);
			name = Products;
			sourceTree = "<group>";
		};
		616007BC2C83A5B100C7FEA8 /* Cora */ = {
			isa = PBXGroup;
			children = (
				61A6AC3D2C8B6FC1004CACA7 /* Service */,
				61A6AC3E2C8B6FCC004CACA7 /* Model */,
				61A6AC142C893681004CACA7 /* Utils */,
				61F43A9F2C83A8EA00CFFB33 /* Intro */,
				61F43AA42C8521C200CFFB33 /* Document */,
				61F43AA52C8521CB00CFFB33 /* Password */,
				61A6AC332C8B6949004CACA7 /* Statement */,
				61A6AC342C8B698C004CACA7 /* Detail */,
				616007BD2C83A5B100C7FEA8 /* AppDelegate.swift */,
				616007BF2C83A5B100C7FEA8 /* SceneDelegate.swift */,
				616007C62C83A5B200C7FEA8 /* Assets.xcassets */,
				616007C82C83A5B200C7FEA8 /* LaunchScreen.storyboard */,
				616007CB2C83A5B200C7FEA8 /* Info.plist */,
			);
			path = Cora;
			sourceTree = "<group>";
		};
		61A6AC142C893681004CACA7 /* Utils */ = {
			isa = PBXGroup;
			children = (
				61A6AC302C8B5EA8004CACA7 /* UserDefault */,
				61A6AC172C8936BE004CACA7 /* Fonts */,
				61A6AC282C89454C004CACA7 /* AppColors.swift */,
				61A6AC152C8936A2004CACA7 /* CustomFont.swift */,
				61A6AC2A2C8A4336004CACA7 /* String+Extension.swift */,
				61A6AC262C8944D9004CACA7 /* UIColor+Extension.swift */,
			);
			path = Utils;
			sourceTree = "<group>";
		};
		61A6AC172C8936BE004CACA7 /* Fonts */ = {
			isa = PBXGroup;
			children = (
				61A6AC232C89375B004CACA7 /* AvenirLTStd-Book.otf */,
				61A6AC1F2C89375B004CACA7 /* AvenirLTStd-Medium.otf */,
				61A6AC1C2C89375B004CACA7 /* AvenirLTStd-Heavy.otf */,
			);
			path = Fonts;
			sourceTree = "<group>";
		};
		61A6AC302C8B5EA8004CACA7 /* UserDefault */ = {
			isa = PBXGroup;
			children = (
				61A6AC312C8B5EC0004CACA7 /* UserDefaultManager.swift */,
			);
			path = UserDefault;
			sourceTree = "<group>";
		};
		61A6AC332C8B6949004CACA7 /* Statement */ = {
			isa = PBXGroup;
			children = (
				61A6AC352C8B699C004CACA7 /* View */,
				61A6AC362C8B69A2004CACA7 /* ViewController */,
			);
			path = Statement;
			sourceTree = "<group>";
		};
		61A6AC342C8B698C004CACA7 /* Detail */ = {
			isa = PBXGroup;
			children = (
				61A6AC372C8B69AC004CACA7 /* View */,
				61A6AC382C8B69B0004CACA7 /* ViewController */,
			);
			path = Detail;
			sourceTree = "<group>";
		};
		61A6AC352C8B699C004CACA7 /* View */ = {
			isa = PBXGroup;
			children = (
				61A6AC392C8B69E2004CACA7 /* StatementScreenView.swift */,
			);
			path = View;
			sourceTree = "<group>";
		};
		61A6AC362C8B69A2004CACA7 /* ViewController */ = {
			isa = PBXGroup;
			children = (
				61A6AC3B2C8B69F4004CACA7 /* StatementScreenViewController.swift */,
			);
			path = ViewController;
			sourceTree = "<group>";
		};
		61A6AC372C8B69AC004CACA7 /* View */ = {
			isa = PBXGroup;
			children = (
			);
			path = View;
			sourceTree = "<group>";
		};
		61A6AC382C8B69B0004CACA7 /* ViewController */ = {
			isa = PBXGroup;
			children = (
			);
			path = ViewController;
			sourceTree = "<group>";
		};
		61A6AC3D2C8B6FC1004CACA7 /* Service */ = {
			isa = PBXGroup;
			children = (
				61A6AC3F2C8B701C004CACA7 /* NetWorkLogger.swift */,
				61A6AC412C8B705A004CACA7 /* NetworkError.swift */,
				61A6AC432C8B70AB004CACA7 /* HTTPMethod.swift */,
				61A6AC452C8B70EE004CACA7 /* NetworkLayer.swift */,
				61A6AC472C8B7105004CACA7 /* Endpoint.swift */,
				61A6AC492C8B712F004CACA7 /* RequestBuilder.swift */,
				61A6AC4B2C8B7156004CACA7 /* DefaultRequestBuilder.swift */,
				61A6AC4D2C8B716F004CACA7 /* ServiceManager.swift */,
			);
			path = Service;
			sourceTree = "<group>";
		};
		61A6AC3E2C8B6FCC004CACA7 /* Model */ = {
			isa = PBXGroup;
			children = (
				61A6AC582C8B84EF004CACA7 /* AuthResponse.swift */,
			);
			path = Model;
			sourceTree = "<group>";
		};
		61A6AC4F2C8B7CBA004CACA7 /* ViewModel */ = {
			isa = PBXGroup;
			children = (
				61A6AC502C8B7CED004CACA7 /* DocumentViewModel.swift */,
			);
			path = ViewModel;
			sourceTree = "<group>";
		};
		61A6AC522C8B7F4D004CACA7 /* ViewModel */ = {
			isa = PBXGroup;
			children = (
				61A6AC532C8B7F61004CACA7 /* PasswordViewModel.swift */,
			);
			path = ViewModel;
			sourceTree = "<group>";
		};
		61A6AC552C8B80AD004CACA7 /* Service */ = {
			isa = PBXGroup;
			children = (
				61A6AC562C8B80C2004CACA7 /* PasswordService.swift */,
			);
			path = Service;
			sourceTree = "<group>";
		};
		61F43A9F2C83A8EA00CFFB33 /* Intro */ = {
			isa = PBXGroup;
			children = (
				61F43AA12C83A92D00CFFB33 /* View */,
				61F43AA02C83A92700CFFB33 /* ViewController */,
			);
			path = Intro;
			sourceTree = "<group>";
		};
		61F43AA02C83A92700CFFB33 /* ViewController */ = {
			isa = PBXGroup;
			children = (
				61F43A9D2C83A72D00CFFB33 /* IntoScreenViewController.swift */,
			);
			path = ViewController;
			sourceTree = "<group>";
		};
		61F43AA12C83A92D00CFFB33 /* View */ = {
			isa = PBXGroup;
			children = (
				61F43AA22C83A96500CFFB33 /* IntroScreenView.swift */,
			);
			path = View;
			sourceTree = "<group>";
		};
		61F43AA42C8521C200CFFB33 /* Document */ = {
			isa = PBXGroup;
			children = (
				61A6AC4F2C8B7CBA004CACA7 /* ViewModel */,
				61F43AA72C85222C00CFFB33 /* View */,
				61F43AA62C85222200CFFB33 /* ViewController */,
			);
			path = Document;
			sourceTree = "<group>";
		};
		61F43AA52C8521CB00CFFB33 /* Password */ = {
			isa = PBXGroup;
			children = (
				61A6AC552C8B80AD004CACA7 /* Service */,
				61A6AC522C8B7F4D004CACA7 /* ViewModel */,
				61F43AA82C85223300CFFB33 /* View */,
				61F43AA92C85223900CFFB33 /* ViewController */,
			);
			path = Password;
			sourceTree = "<group>";
		};
		61F43AA62C85222200CFFB33 /* ViewController */ = {
			isa = PBXGroup;
			children = (
				61F43AAA2C85225300CFFB33 /* DocumentViewController.swift */,
			);
			path = ViewController;
			sourceTree = "<group>";
		};
		61F43AA72C85222C00CFFB33 /* View */ = {
			isa = PBXGroup;
			children = (
				61F43AAC2C85226800CFFB33 /* DocumentScreenView.swift */,
			);
			path = View;
			sourceTree = "<group>";
		};
		61F43AA82C85223300CFFB33 /* View */ = {
			isa = PBXGroup;
			children = (
				61A6AC2C2C8A469F004CACA7 /* PasswordScreenView.swift */,
			);
			path = View;
			sourceTree = "<group>";
		};
		61F43AA92C85223900CFFB33 /* ViewController */ = {
			isa = PBXGroup;
			children = (
				61A6AC2E2C8A46B7004CACA7 /* PasswordViewController.swift */,
			);
			path = ViewController;
			sourceTree = "<group>";
		};
/* End PBXGroup section */

/* Begin PBXNativeTarget section */
		616007B92C83A5B100C7FEA8 /* Cora */ = {
			isa = PBXNativeTarget;
			buildConfigurationList = 616007CE2C83A5B200C7FEA8 /* Build configuration list for PBXNativeTarget "Cora" */;
			buildPhases = (
				616007B62C83A5B100C7FEA8 /* Sources */,
				616007B72C83A5B100C7FEA8 /* Frameworks */,
				616007B82C83A5B100C7FEA8 /* Resources */,
			);
			buildRules = (
			);
			dependencies = (
			);
			name = Cora;
			productName = Cora;
			productReference = 616007BA2C83A5B100C7FEA8 /* Cora.app */;
			productType = "com.apple.product-type.application";
		};
/* End PBXNativeTarget section */

/* Begin PBXProject section */
		616007B22C83A5B100C7FEA8 /* Project object */ = {
			isa = PBXProject;
			attributes = {
				BuildIndependentTargetsInParallel = 1;
				LastSwiftUpdateCheck = 1500;
				LastUpgradeCheck = 1500;
				TargetAttributes = {
					616007B92C83A5B100C7FEA8 = {
						CreatedOnToolsVersion = 15.0;
					};
				};
			};
			buildConfigurationList = 616007B52C83A5B100C7FEA8 /* Build configuration list for PBXProject "Cora" */;
			compatibilityVersion = "Xcode 14.0";
			developmentRegion = en;
			hasScannedForEncodings = 0;
			knownRegions = (
				en,
				Base,
			);
			mainGroup = 616007B12C83A5B100C7FEA8;
			productRefGroup = 616007BB2C83A5B100C7FEA8 /* Products */;
			projectDirPath = "";
			projectRoot = "";
			targets = (
				616007B92C83A5B100C7FEA8 /* Cora */,
			);
		};
/* End PBXProject section */

/* Begin PBXResourcesBuildPhase section */
		616007B82C83A5B100C7FEA8 /* Resources */ = {
			isa = PBXResourcesBuildPhase;
			buildActionMask = 2147483647;
			files = (
				616007CA2C83A5B200C7FEA8 /* LaunchScreen.storyboard in Resources */,
				616007C72C83A5B200C7FEA8 /* Assets.xcassets in Resources */,
			);
			runOnlyForDeploymentPostprocessing = 0;
		};
/* End PBXResourcesBuildPhase section */

/* Begin PBXSourcesBuildPhase section */
		616007B62C83A5B100C7FEA8 /* Sources */ = {
			isa = PBXSourcesBuildPhase;
			buildActionMask = 2147483647;
			files = (
				61A6AC4A2C8B712F004CACA7 /* RequestBuilder.swift in Sources */,
				61A6AC422C8B705A004CACA7 /* NetworkError.swift in Sources */,
				61A6AC292C89454C004CACA7 /* AppColors.swift in Sources */,
				61A6AC4E2C8B716F004CACA7 /* ServiceManager.swift in Sources */,
				61A6AC542C8B7F61004CACA7 /* PasswordViewModel.swift in Sources */,
				61A6AC462C8B70EE004CACA7 /* NetworkLayer.swift in Sources */,
				61A6AC512C8B7CED004CACA7 /* DocumentViewModel.swift in Sources */,
				61A6AC2D2C8A469F004CACA7 /* PasswordScreenView.swift in Sources */,
				61A6AC4C2C8B7156004CACA7 /* DefaultRequestBuilder.swift in Sources */,
				61A6AC592C8B84EF004CACA7 /* AuthResponse.swift in Sources */,
				61A6AC3A2C8B69E2004CACA7 /* StatementScreenView.swift in Sources */,
				61A6AC162C8936A2004CACA7 /* CustomFont.swift in Sources */,
				61F43AAB2C85225300CFFB33 /* DocumentViewController.swift in Sources */,
				61A6AC572C8B80C2004CACA7 /* PasswordService.swift in Sources */,
				616007BE2C83A5B100C7FEA8 /* AppDelegate.swift in Sources */,
				61A6AC2F2C8A46B7004CACA7 /* PasswordViewController.swift in Sources */,
				61F43A9E2C83A72D00CFFB33 /* IntoScreenViewController.swift in Sources */,
				61A6AC402C8B701C004CACA7 /* NetWorkLogger.swift in Sources */,
				616007C02C83A5B100C7FEA8 /* SceneDelegate.swift in Sources */,
				61F43AA32C83A96500CFFB33 /* IntroScreenView.swift in Sources */,
				61A6AC322C8B5EC0004CACA7 /* UserDefaultManager.swift in Sources */,
				61A6AC482C8B7105004CACA7 /* Endpoint.swift in Sources */,
				61F43AAD2C85226800CFFB33 /* DocumentScreenView.swift in Sources */,
				61A6AC442C8B70AB004CACA7 /* HTTPMethod.swift in Sources */,
				61A6AC2B2C8A4336004CACA7 /* String+Extension.swift in Sources */,
				61A6AC272C8944D9004CACA7 /* UIColor+Extension.swift in Sources */,
				61A6AC3C2C8B69F4004CACA7 /* StatementScreenViewController.swift in Sources */,
			);
			runOnlyForDeploymentPostprocessing = 0;
		};
/* End PBXSourcesBuildPhase section */

/* Begin PBXVariantGroup section */
		616007C82C83A5B200C7FEA8 /* LaunchScreen.storyboard */ = {
			isa = PBXVariantGroup;
			children = (
				616007C92C83A5B200C7FEA8 /* Base */,
			);
			name = LaunchScreen.storyboard;
			sourceTree = "<group>";
		};
/* End PBXVariantGroup section */

/* Begin XCBuildConfiguration section */
		616007CC2C83A5B200C7FEA8 /* Debug */ = {
			isa = XCBuildConfiguration;
			buildSettings = {
				ALWAYS_SEARCH_USER_PATHS = NO;
				ASSETCATALOG_COMPILER_GENERATE_SWIFT_ASSET_SYMBOL_EXTENSIONS = YES;
				CLANG_ANALYZER_NONNULL = YES;
				CLANG_ANALYZER_NUMBER_OBJECT_CONVERSION = YES_AGGRESSIVE;
				CLANG_CXX_LANGUAGE_STANDARD = "gnu++20";
				CLANG_ENABLE_MODULES = YES;
				CLANG_ENABLE_OBJC_ARC = YES;
				CLANG_ENABLE_OBJC_WEAK = YES;
				CLANG_WARN_BLOCK_CAPTURE_AUTORELEASING = YES;
				CLANG_WARN_BOOL_CONVERSION = YES;
				CLANG_WARN_COMMA = YES;
				CLANG_WARN_CONSTANT_CONVERSION = YES;
				CLANG_WARN_DEPRECATED_OBJC_IMPLEMENTATIONS = YES;
				CLANG_WARN_DIRECT_OBJC_ISA_USAGE = YES_ERROR;
				CLANG_WARN_DOCUMENTATION_COMMENTS = YES;
				CLANG_WARN_EMPTY_BODY = YES;
				CLANG_WARN_ENUM_CONVERSION = YES;
				CLANG_WARN_INFINITE_RECURSION = YES;
				CLANG_WARN_INT_CONVERSION = YES;
				CLANG_WARN_NON_LITERAL_NULL_CONVERSION = YES;
				CLANG_WARN_OBJC_IMPLICIT_RETAIN_SELF = YES;
				CLANG_WARN_OBJC_LITERAL_CONVERSION = YES;
				CLANG_WARN_OBJC_ROOT_CLASS = YES_ERROR;
				CLANG_WARN_QUOTED_INCLUDE_IN_FRAMEWORK_HEADER = YES;
				CLANG_WARN_RANGE_LOOP_ANALYSIS = YES;
				CLANG_WARN_STRICT_PROTOTYPES = YES;
				CLANG_WARN_SUSPICIOUS_MOVE = YES;
				CLANG_WARN_UNGUARDED_AVAILABILITY = YES_AGGRESSIVE;
				CLANG_WARN_UNREACHABLE_CODE = YES;
				CLANG_WARN__DUPLICATE_METHOD_MATCH = YES;
				COPY_PHASE_STRIP = NO;
				DEBUG_INFORMATION_FORMAT = dwarf;
				ENABLE_STRICT_OBJC_MSGSEND = YES;
				ENABLE_TESTABILITY = YES;
				ENABLE_USER_SCRIPT_SANDBOXING = YES;
				GCC_C_LANGUAGE_STANDARD = gnu17;
				GCC_DYNAMIC_NO_PIC = NO;
				GCC_NO_COMMON_BLOCKS = YES;
				GCC_OPTIMIZATION_LEVEL = 0;
				GCC_PREPROCESSOR_DEFINITIONS = (
					"DEBUG=1",
					"$(inherited)",
				);
				GCC_WARN_64_TO_32_BIT_CONVERSION = YES;
				GCC_WARN_ABOUT_RETURN_TYPE = YES_ERROR;
				GCC_WARN_UNDECLARED_SELECTOR = YES;
				GCC_WARN_UNINITIALIZED_AUTOS = YES_AGGRESSIVE;
				GCC_WARN_UNUSED_FUNCTION = YES;
				GCC_WARN_UNUSED_VARIABLE = YES;
				IPHONEOS_DEPLOYMENT_TARGET = 17.0;
				LOCALIZATION_PREFERS_STRING_CATALOGS = YES;
				MTL_ENABLE_DEBUG_INFO = INCLUDE_SOURCE;
				MTL_FAST_MATH = YES;
				ONLY_ACTIVE_ARCH = YES;
				SDKROOT = iphoneos;
				SWIFT_ACTIVE_COMPILATION_CONDITIONS = "DEBUG $(inherited)";
				SWIFT_OPTIMIZATION_LEVEL = "-Onone";
			};
			name = Debug;
		};
		616007CD2C83A5B200C7FEA8 /* Release */ = {
			isa = XCBuildConfiguration;
			buildSettings = {
				ALWAYS_SEARCH_USER_PATHS = NO;
				ASSETCATALOG_COMPILER_GENERATE_SWIFT_ASSET_SYMBOL_EXTENSIONS = YES;
				CLANG_ANALYZER_NONNULL = YES;
				CLANG_ANALYZER_NUMBER_OBJECT_CONVERSION = YES_AGGRESSIVE;
				CLANG_CXX_LANGUAGE_STANDARD = "gnu++20";
				CLANG_ENABLE_MODULES = YES;
				CLANG_ENABLE_OBJC_ARC = YES;
				CLANG_ENABLE_OBJC_WEAK = YES;
				CLANG_WARN_BLOCK_CAPTURE_AUTORELEASING = YES;
				CLANG_WARN_BOOL_CONVERSION = YES;
				CLANG_WARN_COMMA = YES;
				CLANG_WARN_CONSTANT_CONVERSION = YES;
				CLANG_WARN_DEPRECATED_OBJC_IMPLEMENTATIONS = YES;
				CLANG_WARN_DIRECT_OBJC_ISA_USAGE = YES_ERROR;
				CLANG_WARN_DOCUMENTATION_COMMENTS = YES;
				CLANG_WARN_EMPTY_BODY = YES;
				CLANG_WARN_ENUM_CONVERSION = YES;
				CLANG_WARN_INFINITE_RECURSION = YES;
				CLANG_WARN_INT_CONVERSION = YES;
				CLANG_WARN_NON_LITERAL_NULL_CONVERSION = YES;
				CLANG_WARN_OBJC_IMPLICIT_RETAIN_SELF = YES;
				CLANG_WARN_OBJC_LITERAL_CONVERSION = YES;
				CLANG_WARN_OBJC_ROOT_CLASS = YES_ERROR;
				CLANG_WARN_QUOTED_INCLUDE_IN_FRAMEWORK_HEADER = YES;
				CLANG_WARN_RANGE_LOOP_ANALYSIS = YES;
				CLANG_WARN_STRICT_PROTOTYPES = YES;
				CLANG_WARN_SUSPICIOUS_MOVE = YES;
				CLANG_WARN_UNGUARDED_AVAILABILITY = YES_AGGRESSIVE;
				CLANG_WARN_UNREACHABLE_CODE = YES;
				CLANG_WARN__DUPLICATE_METHOD_MATCH = YES;
				COPY_PHASE_STRIP = NO;
				DEBUG_INFORMATION_FORMAT = "dwarf-with-dsym";
				ENABLE_NS_ASSERTIONS = NO;
				ENABLE_STRICT_OBJC_MSGSEND = YES;
				ENABLE_USER_SCRIPT_SANDBOXING = YES;
				GCC_C_LANGUAGE_STANDARD = gnu17;
				GCC_NO_COMMON_BLOCKS = YES;
				GCC_WARN_64_TO_32_BIT_CONVERSION = YES;
				GCC_WARN_ABOUT_RETURN_TYPE = YES_ERROR;
				GCC_WARN_UNDECLARED_SELECTOR = YES;
				GCC_WARN_UNINITIALIZED_AUTOS = YES_AGGRESSIVE;
				GCC_WARN_UNUSED_FUNCTION = YES;
				GCC_WARN_UNUSED_VARIABLE = YES;
				IPHONEOS_DEPLOYMENT_TARGET = 17.0;
				LOCALIZATION_PREFERS_STRING_CATALOGS = YES;
				MTL_ENABLE_DEBUG_INFO = NO;
				MTL_FAST_MATH = YES;
				SDKROOT = iphoneos;
				SWIFT_COMPILATION_MODE = wholemodule;
				VALIDATE_PRODUCT = YES;
			};
			name = Release;
		};
		616007CF2C83A5B200C7FEA8 /* Debug */ = {
			isa = XCBuildConfiguration;
			buildSettings = {
				ASSETCATALOG_COMPILER_APPICON_NAME = AppIcon;
				ASSETCATALOG_COMPILER_GLOBAL_ACCENT_COLOR_NAME = AccentColor;
				CODE_SIGN_STYLE = Automatic;
				CURRENT_PROJECT_VERSION = 1;
				DEVELOPMENT_TEAM = C3X5LUYPC4;
				GENERATE_INFOPLIST_FILE = YES;
				INFOPLIST_FILE = Cora/Info.plist;
				INFOPLIST_KEY_UIApplicationSupportsIndirectInputEvents = YES;
				INFOPLIST_KEY_UILaunchStoryboardName = LaunchScreen;
				INFOPLIST_KEY_UISupportedInterfaceOrientations = UIInterfaceOrientationPortrait;
				INFOPLIST_KEY_UISupportedInterfaceOrientations_iPad = "UIInterfaceOrientationLandscapeLeft UIInterfaceOrientationLandscapeRight UIInterfaceOrientationPortrait UIInterfaceOrientationPortraitUpsideDown";
				LD_RUNPATH_SEARCH_PATHS = (
					"$(inherited)",
					"@executable_path/Frameworks",
				);
				MARKETING_VERSION = 1.0;
				PRODUCT_BUNDLE_IDENTIFIER = FabricioPujol.Cora;
				PRODUCT_NAME = "$(TARGET_NAME)";
				SWIFT_EMIT_LOC_STRINGS = YES;
				SWIFT_VERSION = 5.0;
				TARGETED_DEVICE_FAMILY = "1,2";
			};
			name = Debug;
		};
		616007D02C83A5B200C7FEA8 /* Release */ = {
			isa = XCBuildConfiguration;
			buildSettings = {
				ASSETCATALOG_COMPILER_APPICON_NAME = AppIcon;
				ASSETCATALOG_COMPILER_GLOBAL_ACCENT_COLOR_NAME = AccentColor;
				CODE_SIGN_STYLE = Automatic;
				CURRENT_PROJECT_VERSION = 1;
				DEVELOPMENT_TEAM = C3X5LUYPC4;
				GENERATE_INFOPLIST_FILE = YES;
				INFOPLIST_FILE = Cora/Info.plist;
				INFOPLIST_KEY_UIApplicationSupportsIndirectInputEvents = YES;
				INFOPLIST_KEY_UILaunchStoryboardName = LaunchScreen;
				INFOPLIST_KEY_UISupportedInterfaceOrientations = UIInterfaceOrientationPortrait;
				INFOPLIST_KEY_UISupportedInterfaceOrientations_iPad = "UIInterfaceOrientationLandscapeLeft UIInterfaceOrientationLandscapeRight UIInterfaceOrientationPortrait UIInterfaceOrientationPortraitUpsideDown";
				LD_RUNPATH_SEARCH_PATHS = (
					"$(inherited)",
					"@executable_path/Frameworks",
				);
				MARKETING_VERSION = 1.0;
				PRODUCT_BUNDLE_IDENTIFIER = FabricioPujol.Cora;
				PRODUCT_NAME = "$(TARGET_NAME)";
				SWIFT_EMIT_LOC_STRINGS = YES;
				SWIFT_VERSION = 5.0;
				TARGETED_DEVICE_FAMILY = "1,2";
			};
			name = Release;
		};
/* End XCBuildConfiguration section */

/* Begin XCConfigurationList section */
		616007B52C83A5B100C7FEA8 /* Build configuration list for PBXProject "Cora" */ = {
			isa = XCConfigurationList;
			buildConfigurations = (
				616007CC2C83A5B200C7FEA8 /* Debug */,
				616007CD2C83A5B200C7FEA8 /* Release */,
			);
			defaultConfigurationIsVisible = 0;
			defaultConfigurationName = Release;
		};
		616007CE2C83A5B200C7FEA8 /* Build configuration list for PBXNativeTarget "Cora" */ = {
			isa = XCConfigurationList;
			buildConfigurations = (
				616007CF2C83A5B200C7FEA8 /* Debug */,
				616007D02C83A5B200C7FEA8 /* Release */,
			);
			defaultConfigurationIsVisible = 0;
			defaultConfigurationName = Release;
		};
/* End XCConfigurationList section */
	};
	rootObject = 616007B22C83A5B100C7FEA8 /* Project object */;
}
